lockfileVersion: '9.0'

settings:
  autoInstallPeers: true
  excludeLinksFromLockfile: false

importers:

  .:
    dependencies:
      prettier:
        specifier: ^3.5.0
        version: 3.5.0
      prettier-plugin-astro:
        specifier: ^0.14.1
        version: 0.14.1
      prettier-plugin-tailwindcss:
        specifier: ^0.6.11
        version: 0.6.11(prettier-plugin-astro@0.14.1)(prettier@3.5.0)

packages:

  '@astrojs/compiler@2.10.4':
    resolution: {integrity: sha512-86B3QGagP99MvSNwuJGiYSBHnh8nLvm2Q1IFI15wIUJJsPeQTO3eb2uwBmrqRsXykeR/mBzH8XCgz5AAt1BJrQ==}

  prettier-plugin-astro@0.14.1:
    resolution: {integrity: sha512-RiBETaaP9veVstE4vUwSIcdATj6dKmXljouXc/DDNwBSPTp8FRkLGDSGFClKsAFeeg+13SB0Z1JZvbD76bigJw==}
    engines: {node: ^14.15.0 || >=16.0.0}

  prettier-plugin-tailwindcss@0.6.11:
    resolution: {integrity: sha512-YxaYSIvZPAqhrrEpRtonnrXdghZg1irNg4qrjboCXrpybLWVs55cW2N3juhspVJiO0JBvYJT8SYsJpc8OQSnsA==}
    engines: {node: '>=14.21.3'}
    peerDependencies:
      '@ianvs/prettier-plugin-sort-imports': '*'
      '@prettier/plugin-pug': '*'
      '@shopify/prettier-plugin-liquid': '*'
      '@trivago/prettier-plugin-sort-imports': '*'
      '@zackad/prettier-plugin-twig': '*'
      prettier: ^3.0
      prettier-plugin-astro: '*'
      prettier-plugin-css-order: '*'
      prettier-plugin-import-sort: '*'
      prettier-plugin-jsdoc: '*'
      prettier-plugin-marko: '*'
      prettier-plugin-multiline-arrays: '*'
      prettier-plugin-organize-attributes: '*'
      prettier-plugin-organize-imports: '*'
      prettier-plugin-sort-imports: '*'
      prettier-plugin-style-order: '*'
      prettier-plugin-svelte: '*'
    peerDependenciesMeta:
      '@ianvs/prettier-plugin-sort-imports':
        optional: true
      '@prettier/plugin-pug':
        optional: true
      '@shopify/prettier-plugin-liquid':
        optional: true
      '@trivago/prettier-plugin-sort-imports':
        optional: true
      '@zackad/prettier-plugin-twig':
        optional: true
      prettier-plugin-astro:
        optional: true
      prettier-plugin-css-order:
        optional: true
      prettier-plugin-import-sort:
        optional: true
      prettier-plugin-jsdoc:
        optional: true
      prettier-plugin-marko:
        optional: true
      prettier-plugin-multiline-arrays:
        optional: true
      prettier-plugin-organize-attributes:
        optional: true
      prettier-plugin-organize-imports:
        optional: true
      prettier-plugin-sort-imports:
        optional: true
      prettier-plugin-style-order:
        optional: true
      prettier-plugin-svelte:
        optional: true

  prettier@3.5.0:
    resolution: {integrity: sha512-quyMrVt6svPS7CjQ9gKb3GLEX/rl3BCL2oa/QkNcXv4YNVBC9olt3s+H7ukto06q7B1Qz46PbrKLO34PR6vXcA==}
    engines: {node: '>=14'}
    hasBin: true

  s.color@0.0.15:
    resolution: {integrity: sha512-AUNrbEUHeKY8XsYr/DYpl+qk5+aM+DChopnWOPEzn8YKzOhv4l2zH6LzZms3tOZP3wwdOyc0RmTciyi46HLIuA==}

  sass-formatter@0.7.9:
    resolution: {integrity: sha512-CWZ8XiSim+fJVG0cFLStwDvft1VI7uvXdCNJYXhDvowiv+DsbD1nXLiQ4zrE5UBvj5DWZJ93cwN0NX5PMsr1Pw==}

  suf-log@2.5.3:
    resolution: {integrity: sha512-KvC8OPjzdNOe+xQ4XWJV2whQA0aM1kGVczMQ8+dStAO6KfEB140JEVQ9dE76ONZ0/Ylf67ni4tILPJB41U0eow==}

snapshots:

  '@astrojs/compiler@2.10.4': {}

  prettier-plugin-astro@0.14.1:
    dependencies:
      '@astrojs/compiler': 2.10.4
      prettier: 3.5.0
      sass-formatter: 0.7.9

  prettier-plugin-tailwindcss@0.6.11(prettier-plugin-astro@0.14.1)(prettier@3.5.0):
    dependencies:
      prettier: 3.5.0
    optionalDependencies:
      prettier-plugin-astro: 0.14.1

  prettier@3.5.0: {}

  s.color@0.0.15: {}

  sass-formatter@0.7.9:
    dependencies:
      suf-log: 2.5.3

  suf-log@2.5.3:
    dependencies:
      s.color: 0.0.15
